<?xml version="1.0" encoding="utf-8"?>
<Project ToolsVersion="15.0" xmlns="http://schemas.microsoft.com/developer/msbuild/2003">
  <ItemGroup>
    <ClCompile Include="..\..\..\tutorials\voronoi\voronoi.cpp">
      <Filter>Source Files</Filter>
    </ClCompile>
  </ItemGroup>
  <ItemGroup>
    <CustomBuild Include="..\..\CMakeFiles\10f7ba5b6373a7ff413bca4e6d54a28c\voronoi_device.dev.obj.rule" />
  </ItemGroup>
  <ItemGroup>
    <Object Include=".\voronoi_device.dev.obj" />
    <Object Include=".\voronoi_device.dev_sse2.obj" />
    <Object Include=".\voronoi_device.dev_sse4.obj" />
    <Object Include=".\voronoi_device.dev_avx.obj" />
    <Object Include=".\voronoi_device.dev_avx2.obj" />
  </ItemGroup>
  <ItemGroup>
    <ResourceCompile Include="..\..\..\kernels\embree.rc">
      <Filter>Source Files</Filter>
    </ResourceCompile>
  </ItemGroup>
  <ItemGroup>
    <Filter Include="CMake Rules">
      <UniqueIdentifier>{A1977AD9-0D3E-3CDB-A636-03DE5117E442}</UniqueIdentifier>
    </Filter>
    <Filter Include="Object Files">
      <UniqueIdentifier>{2C5FE1B0-C6D4-3AAB-B0E3-9D521E8735DD}</UniqueIdentifier>
    </Filter>
    <Filter Include="Source Files">
      <UniqueIdentifier>{BF7EDE6E-DFB3-3F90-98C5-59331A9B4E87}</UniqueIdentifier>
    </Filter>
  </ItemGroup>
</Project>