<?xml version="1.0" encoding="utf-8"?>
<Project ToolsVersion="15.0" xmlns="http://schemas.microsoft.com/developer/msbuild/2003">
  <ItemGroup>
    <CustomBuild Include="C:\Development\op3d_active\embreee-3.12.1\msvc\CMakeFiles\726d0eb03cca6222c98d516903230176\PACKAGE_force.rule">
      <Filter>CMake Rules</Filter>
    </CustomBuild>
  </ItemGroup>
  <ItemGroup>
    <Filter Include="CMake Rules">
      <UniqueIdentifier>{A1977AD9-0D3E-3CDB-A636-03DE5117E442}</UniqueIdentifier>
    </Filter>
  </ItemGroup>
</Project>
