<?xml version="1.0" encoding="utf-8"?>
<Project ToolsVersion="15.0" xmlns="http://schemas.microsoft.com/developer/msbuild/2003">
  <ItemGroup>
    <CustomBuild Include="..\..\..\CMakeFiles\10e2e245b0e380e174ecb3e5c8b11cc4\light.dev.obj.rule" />
    <CustomBuild Include="..\..\..\CMakeFiles\10e2e245b0e380e174ecb3e5c8b11cc4\ambient_light.dev.obj.rule" />
    <CustomBuild Include="..\..\..\CMakeFiles\10e2e245b0e380e174ecb3e5c8b11cc4\directional_light.dev.obj.rule" />
    <CustomBuild Include="..\..\..\CMakeFiles\10e2e245b0e380e174ecb3e5c8b11cc4\point_light.dev.obj.rule" />
    <CustomBuild Include="..\..\..\CMakeFiles\10e2e245b0e380e174ecb3e5c8b11cc4\quad_light.dev.obj.rule" />
    <CustomBuild Include="..\..\..\CMakeFiles\10e2e245b0e380e174ecb3e5c8b11cc4\spot_light.dev.obj.rule" />
  </ItemGroup>
  <ItemGroup>
    <Object Include=".\light.dev.obj" />
    <Object Include=".\light.dev_sse2.obj" />
    <Object Include=".\light.dev_sse4.obj" />
    <Object Include=".\light.dev_avx.obj" />
    <Object Include=".\light.dev_avx2.obj" />
    <Object Include=".\ambient_light.dev.obj" />
    <Object Include=".\ambient_light.dev_sse2.obj" />
    <Object Include=".\ambient_light.dev_sse4.obj" />
    <Object Include=".\ambient_light.dev_avx.obj" />
    <Object Include=".\ambient_light.dev_avx2.obj" />
    <Object Include=".\directional_light.dev.obj" />
    <Object Include=".\directional_light.dev_sse2.obj" />
    <Object Include=".\directional_light.dev_sse4.obj" />
    <Object Include=".\directional_light.dev_avx.obj" />
    <Object Include=".\directional_light.dev_avx2.obj" />
    <Object Include=".\point_light.dev.obj" />
    <Object Include=".\point_light.dev_sse2.obj" />
    <Object Include=".\point_light.dev_sse4.obj" />
    <Object Include=".\point_light.dev_avx.obj" />
    <Object Include=".\point_light.dev_avx2.obj" />
    <Object Include=".\quad_light.dev.obj" />
    <Object Include=".\quad_light.dev_sse2.obj" />
    <Object Include=".\quad_light.dev_sse4.obj" />
    <Object Include=".\quad_light.dev_avx.obj" />
    <Object Include=".\quad_light.dev_avx2.obj" />
    <Object Include=".\spot_light.dev.obj" />
    <Object Include=".\spot_light.dev_sse2.obj" />
    <Object Include=".\spot_light.dev_sse4.obj" />
    <Object Include=".\spot_light.dev_avx.obj" />
    <Object Include=".\spot_light.dev_avx2.obj" />
  </ItemGroup>
  <ItemGroup>
    <Filter Include="CMake Rules">
      <UniqueIdentifier>{A1977AD9-0D3E-3CDB-A636-03DE5117E442}</UniqueIdentifier>
    </Filter>
    <Filter Include="Object Files">
      <UniqueIdentifier>{2C5FE1B0-C6D4-3AAB-B0E3-9D521E8735DD}</UniqueIdentifier>
    </Filter>
  </ItemGroup>
</Project>